
Microsoft Visual Studio Solution File, Format Version 12.00
# Visual Studio Version 17
VisualStudioVersion = 17.9.34701.34
MinimumVisualStudioVersion = 10.0.40219.1
Project("{8BC9CEB8-8B4A-11D0-8D11-00A0C91BC942}") = "DataStructureCpp", "DataStructureCpp\DataStructureCpp.vcxproj", "{00A38A7A-FFDC-4FFC-9CF2-AFDE5014DB26}"
EndProject
Global
	GlobalSection(SolutionConfigurationPlatforms) = preSolution
		Debug|x64 = Debug|x64
		Debug|x86 = Debug|x86
		Release|x64 = Release|x64
		Release|x86 = Release|x86
	EndGlobalSection
	GlobalSection(ProjectConfigurationPlatforms) = postSolution
		{00A38A7A-FFDC-4FFC-9CF2-AFDE5014DB26}.Debug|x64.ActiveCfg = Debug|x64
		{00A38A7A-FFDC-4FFC-9CF2-AFDE5014DB26}.Debug|x64.Build.0 = Debug|x64
		{00A38A7A-FFDC-4FFC-9CF2-AFDE5014DB26}.Debug|x86.ActiveCfg = Debug|Win32
		{00A38A7A-FFDC-4FFC-9CF2-AFDE5014DB26}.Debug|x86.Build.0 = Debug|Win32
		{00A38A7A-FFDC-4FFC-9CF2-AFDE5014DB26}.Release|x64.ActiveCfg = Release|x64
		{00A38A7A-FFDC-4FFC-9CF2-AFDE5014DB26}.Release|x64.Build.0 = Release|x64
		{00A38A7A-FFDC-4FFC-9CF2-AFDE5014DB26}.Release|x86.ActiveCfg = Release|Win32
		{00A38A7A-FFDC-4FFC-9CF2-AFDE5014DB26}.Release|x86.Build.0 = Release|Win32
	EndGlobalSection
	GlobalSection(SolutionProperties) = preSolution
		HideSolutionNode = FALSE
	EndGlobalSection
	GlobalSection(ExtensibilityGlobals) = postSolution
		SolutionGuid = {956DE4B3-27B0-4265-B23A-753DD04D20CD}
	EndGlobalSection
EndGlobal
